
Microsoft Visual Studio Solution File, Format Version 12.00
# Visual Studio Version 17
VisualStudioVersion = 17.8.34511.84
MinimumVisualStudioVersion = 10.0.40219.1
Project("{FAE04EC0-301F-11D3-BF4B-00C04F79EFBC}") = "Labirint", "Labirint\Labirint.csproj", "{7DA65F33-3D49-47B1-B7EA-8DC1BF247690}"
EndProject
Global
	GlobalSection(SolutionConfigurationPlatforms) = preSolution
		Debug|Any CPU = Debug|Any CPU
		Release|Any CPU = Release|Any CPU
	EndGlobalSection
	GlobalSection(ProjectConfigurationPlatforms) = postSolution
		{7DA65F33-3D49-47B1-B7EA-8DC1BF247690}.Debug|Any CPU.ActiveCfg = Debug|Any CPU
		{7DA65F33-3D49-47B1-B7EA-8DC1BF247690}.Debug|Any CPU.Build.0 = Debug|Any CPU
		{7DA65F33-3D49-47B1-B7EA-8DC1BF247690}.Release|Any CPU.ActiveCfg = Release|Any CPU
		{7DA65F33-3D49-47B1-B7EA-8DC1BF247690}.Release|Any CPU.Build.0 = Release|Any CPU
	EndGlobalSection
	GlobalSection(SolutionProperties) = preSolution
		HideSolutionNode = FALSE
	EndGlobalSection
	GlobalSection(ExtensibilityGlobals) = postSolution
		SolutionGuid = {CFBBDC7F-DE76-4361-956F-FBDF60297197}
	EndGlobalSection
EndGlobal
